
Microsoft Visual Studio Solution File, Format Version 12.00
# Visual Studio Version 17
VisualStudioVersion = 17.10.35122.118
MinimumVisualStudioVersion = 10.0.40219.1
Project("{FAE04EC0-301F-11D3-BF4B-00C04F79EFBC}") = "Orthodox.Api", "Orthodox.Api\Orthodox.Api.csproj", "{E5BA9628-EAE3-42E1-AF47-DA63C5B31FCA}"
EndProject
Project("{FAE04EC0-301F-11D3-BF4B-00C04F79EFBC}") = "Orthodox.Data", "Orthodox.Data\Orthodox.Data.csproj", "{254B2DF3-70E0-4E72-985D-74CF4808ED67}"
EndProject
Project("{FAE04EC0-301F-11D3-BF4B-00C04F79EFBC}") = "Orthodox.Service", "Orthodox.Service\Orthodox.Service.csproj", "{9DDC00F3-398A-4775-8DEF-DE130ED20A23}"
EndProject
Global
	GlobalSection(SolutionConfigurationPlatforms) = preSolution
		Debug|Any CPU = Debug|Any CPU
		Release|Any CPU = Release|Any CPU
	EndGlobalSection
	GlobalSection(ProjectConfigurationPlatforms) = postSolution
		{E5BA9628-EAE3-42E1-AF47-DA63C5B31FCA}.Debug|Any CPU.ActiveCfg = Debug|Any CPU
		{E5BA9628-EAE3-42E1-AF47-DA63C5B31FCA}.Debug|Any CPU.Build.0 = Debug|Any CPU
		{E5BA9628-EAE3-42E1-AF47-DA63C5B31FCA}.Release|Any CPU.ActiveCfg = Release|Any CPU
		{E5BA9628-EAE3-42E1-AF47-DA63C5B31FCA}.Release|Any CPU.Build.0 = Release|Any CPU
		{254B2DF3-70E0-4E72-985D-74CF4808ED67}.Debug|Any CPU.ActiveCfg = Debug|Any CPU
		{254B2DF3-70E0-4E72-985D-74CF4808ED67}.Debug|Any CPU.Build.0 = Debug|Any CPU
		{254B2DF3-70E0-4E72-985D-74CF4808ED67}.Release|Any CPU.ActiveCfg = Release|Any CPU
		{254B2DF3-70E0-4E72-985D-74CF4808ED67}.Release|Any CPU.Build.0 = Release|Any CPU
		{9DDC00F3-398A-4775-8DEF-DE130ED20A23}.Debug|Any CPU.ActiveCfg = Debug|Any CPU
		{9DDC00F3-398A-4775-8DEF-DE130ED20A23}.Debug|Any CPU.Build.0 = Debug|Any CPU
		{9DDC00F3-398A-4775-8DEF-DE130ED20A23}.Release|Any CPU.ActiveCfg = Release|Any CPU
		{9DDC00F3-398A-4775-8DEF-DE130ED20A23}.Release|Any CPU.Build.0 = Release|Any CPU
	EndGlobalSection
	GlobalSection(SolutionProperties) = preSolution
		HideSolutionNode = FALSE
	EndGlobalSection
	GlobalSection(ExtensibilityGlobals) = postSolution
		SolutionGuid = {6DE82309-1C4E-4F07-8CB1-559E8C2474F5}
	EndGlobalSection
EndGlobal
